
Microsoft Visual Studio Solution File, Format Version 12.00
# Visual Studio Version 17
VisualStudioVersion = 17.2.32630.192
MinimumVisualStudioVersion = 10.0.40219.1
Project("{2150E333-8FDC-42A3-9474-1A3956D46DE8}") = "src", "src", "{FA7CAF45-3667-478A-8C60-19BD8984B320}"
EndProject
Project("{9A19103F-16F7-4668-BE54-9A1E7A4F7556}") = "RegistroServizi.Web.Migrations", "src\RegistroServizi.Web.Migrations\RegistroServizi.Web.Migrations.csproj", "{93F5E8B6-FA4B-4977-9DAA-5E43030067D9}"
EndProject
Project("{FAE04EC0-301F-11D3-BF4B-00C04F79EFBC}") = "RegistroServizi.Web.Server", "src\RegistroServizi.Web.Server\RegistroServizi.Web.Server.csproj", "{16550C36-2AA1-4F00-95F3-00E8D84AD444}"
EndProject
Project("{FAE04EC0-301F-11D3-BF4B-00C04F79EFBC}") = "RegistroServizi.Web.Client", "src\RegistroServizi.Web.Client\RegistroServizi.Web.Client.csproj", "{6496ACA3-7C6E-40A0-855C-0C5AEB20EF20}"
EndProject
Global
	GlobalSection(SolutionConfigurationPlatforms) = preSolution
		Debug|Any CPU = Debug|Any CPU
		Release|Any CPU = Release|Any CPU
	EndGlobalSection
	GlobalSection(ProjectConfigurationPlatforms) = postSolution
		{93F5E8B6-FA4B-4977-9DAA-5E43030067D9}.Debug|Any CPU.ActiveCfg = Debug|Any CPU
		{93F5E8B6-FA4B-4977-9DAA-5E43030067D9}.Debug|Any CPU.Build.0 = Debug|Any CPU
		{93F5E8B6-FA4B-4977-9DAA-5E43030067D9}.Release|Any CPU.ActiveCfg = Release|Any CPU
		{93F5E8B6-FA4B-4977-9DAA-5E43030067D9}.Release|Any CPU.Build.0 = Release|Any CPU
		{16550C36-2AA1-4F00-95F3-00E8D84AD444}.Debug|Any CPU.ActiveCfg = Debug|Any CPU
		{16550C36-2AA1-4F00-95F3-00E8D84AD444}.Debug|Any CPU.Build.0 = Debug|Any CPU
		{16550C36-2AA1-4F00-95F3-00E8D84AD444}.Release|Any CPU.ActiveCfg = Release|Any CPU
		{16550C36-2AA1-4F00-95F3-00E8D84AD444}.Release|Any CPU.Build.0 = Release|Any CPU
		{6496ACA3-7C6E-40A0-855C-0C5AEB20EF20}.Debug|Any CPU.ActiveCfg = Debug|Any CPU
		{6496ACA3-7C6E-40A0-855C-0C5AEB20EF20}.Debug|Any CPU.Build.0 = Debug|Any CPU
		{6496ACA3-7C6E-40A0-855C-0C5AEB20EF20}.Release|Any CPU.ActiveCfg = Release|Any CPU
		{6496ACA3-7C6E-40A0-855C-0C5AEB20EF20}.Release|Any CPU.Build.0 = Release|Any CPU
	EndGlobalSection
	GlobalSection(SolutionProperties) = preSolution
		HideSolutionNode = FALSE
	EndGlobalSection
	GlobalSection(NestedProjects) = preSolution
		{93F5E8B6-FA4B-4977-9DAA-5E43030067D9} = {FA7CAF45-3667-478A-8C60-19BD8984B320}
		{16550C36-2AA1-4F00-95F3-00E8D84AD444} = {FA7CAF45-3667-478A-8C60-19BD8984B320}
		{6496ACA3-7C6E-40A0-855C-0C5AEB20EF20} = {FA7CAF45-3667-478A-8C60-19BD8984B320}
	EndGlobalSection
	GlobalSection(ExtensibilityGlobals) = postSolution
		SolutionGuid = {461D4CC9-DDC7-4BF5-B25D-9B8EE00BE19D}
	EndGlobalSection
EndGlobal
